// !$*UTF8*$!
{
	archiveVersion = 1;
	classes = {
	};
	objectVersion = 50;
	objects = {

/* Begin PBXBuildFile section */
		7595B62424AE44E900A6B581 /* AppDelegate.swift in Sources */ = {isa = PBXBuildFile; fileRef = 7595B62324AE44E900A6B581 /* AppDelegate.swift */; };
		7595B62624AE44E900A6B581 /* SceneDelegate.swift in Sources */ = {isa = PBXBuildFile; fileRef = 7595B62524AE44E900A6B581 /* SceneDelegate.swift */; };
		7595B62824AE44E900A6B581 /* companiesViewController.swift in Sources */ = {isa = PBXBuildFile; fileRef = 7595B62724AE44E900A6B581 /* companiesViewController.swift */; };
		7595B62B24AE44E900A6B581 /* Main.storyboard in Resources */ = {isa = PBXBuildFile; fileRef = 7595B62924AE44E900A6B581 /* Main.storyboard */; };
		7595B62D24AE44EA00A6B581 /* Assets.xcassets in Resources */ = {isa = PBXBuildFile; fileRef = 7595B62C24AE44EA00A6B581 /* Assets.xcassets */; };
		7595B63024AE44EA00A6B581 /* LaunchScreen.storyboard in Resources */ = {isa = PBXBuildFile; fileRef = 7595B62E24AE44EA00A6B581 /* LaunchScreen.storyboard */; };
		75CE7E2E24B9B4A600611AD5 /* .gitignore in Resources */ = {isa = PBXBuildFile; fileRef = 75CE7E2D24B9B4A600611AD5 /* .gitignore */; };
		75CE7E3024B9B6F400611AD5 /* UIColor+theme.swift in Sources */ = {isa = PBXBuildFile; fileRef = 75CE7E2F24B9B6F400611AD5 /* UIColor+theme.swift */; };
/* End PBXBuildFile section */

/* Begin PBXFileReference section */
		7595B62024AE44E900A6B581 /* IntermediateTraining.app */ = {isa = PBXFileReference; explicitFileType = wrapper.application; includeInIndex = 0; path = IntermediateTraining.app; sourceTree = BUILT_PRODUCTS_DIR; };
		7595B62324AE44E900A6B581 /* AppDelegate.swift */ = {isa = PBXFileReference; lastKnownFileType = sourcecode.swift; path = AppDelegate.swift; sourceTree = "<group>"; };
		7595B62524AE44E900A6B581 /* SceneDelegate.swift */ = {isa = PBXFileReference; lastKnownFileType = sourcecode.swift; path = SceneDelegate.swift; sourceTree = "<group>"; };
		7595B62724AE44E900A6B581 /* companiesViewController.swift */ = {isa = PBXFileReference; lastKnownFileType = sourcecode.swift; path = companiesViewController.swift; sourceTree = "<group>"; };
		7595B62A24AE44E900A6B581 /* Base */ = {isa = PBXFileReference; lastKnownFileType = file.storyboard; name = Base; path = Base.lproj/Main.storyboard; sourceTree = "<group>"; };
		7595B62C24AE44EA00A6B581 /* Assets.xcassets */ = {isa = PBXFileReference; lastKnownFileType = folder.assetcatalog; path = Assets.xcassets; sourceTree = "<group>"; };
		7595B62F24AE44EA00A6B581 /* Base */ = {isa = PBXFileReference; lastKnownFileType = file.storyboard; name = Base; path = Base.lproj/LaunchScreen.storyboard; sourceTree = "<group>"; };
		7595B63124AE44EA00A6B581 /* Info.plist */ = {isa = PBXFileReference; lastKnownFileType = text.plist.xml; path = Info.plist; sourceTree = "<group>"; };
		75CE7E2D24B9B4A600611AD5 /* .gitignore */ = {isa = PBXFileReference; lastKnownFileType = text; path = .gitignore; sourceTree = "<group>"; };
		75CE7E2F24B9B6F400611AD5 /* UIColor+theme.swift */ = {isa = PBXFileReference; lastKnownFileType = sourcecode.swift; path = "UIColor+theme.swift"; sourceTree = "<group>"; };
/* End PBXFileReference section */

/* Begin PBXFrameworksBuildPhase section */
		7595B61D24AE44E900A6B581 /* Frameworks */ = {
			isa = PBXFrameworksBuildPhase;
			buildActionMask = 2147483647;
			files = (
			);
			runOnlyForDeploymentPostprocessing = 0;
		};
/* End PBXFrameworksBuildPhase section */

/* Begin PBXGroup section */
		7595B61724AE44E900A6B581 = {
			isa = PBXGroup;
			children = (
				75CE7E2D24B9B4A600611AD5 /* .gitignore */,
				7595B62224AE44E900A6B581 /* IntermediateTraining */,
				7595B62124AE44E900A6B581 /* Products */,
			);
			sourceTree = "<group>";
		};
		7595B62124AE44E900A6B581 /* Products */ = {
			isa = PBXGroup;
			children = (
				7595B62024AE44E900A6B581 /* IntermediateTraining.app */,
			);
			name = Products;
			sourceTree = "<group>";
		};
		7595B62224AE44E900A6B581 /* IntermediateTraining */ = {
			isa = PBXGroup;
			children = (
				7595B62324AE44E900A6B581 /* AppDelegate.swift */,
				7595B62524AE44E900A6B581 /* SceneDelegate.swift */,
				7595B62724AE44E900A6B581 /* companiesViewController.swift */,
				75CE7E2F24B9B6F400611AD5 /* UIColor+theme.swift */,
				7595B62924AE44E900A6B581 /* Main.storyboard */,
				7595B62C24AE44EA00A6B581 /* Assets.xcassets */,
				7595B62E24AE44EA00A6B581 /* LaunchScreen.storyboard */,
				7595B63124AE44EA00A6B581 /* Info.plist */,
			);
			path = IntermediateTraining;
			sourceTree = "<group>";
		};
/* End PBXGroup section */

/* Begin PBXNativeTarget section */
		7595B61F24AE44E900A6B581 /* IntermediateTraining */ = {
			isa = PBXNativeTarget;
			buildConfigurationList = 7595B63424AE44EA00A6B581 /* Build configuration list for PBXNativeTarget "IntermediateTraining" */;
			buildPhases = (
				7595B61C24AE44E900A6B581 /* Sources */,
				7595B61D24AE44E900A6B581 /* Frameworks */,
				7595B61E24AE44E900A6B581 /* Resources */,
			);
			buildRules = (
			);
			dependencies = (
			);
			name = IntermediateTraining;
			productName = IntermediateTraining;
			productReference = 7595B62024AE44E900A6B581 /* IntermediateTraining.app */;
			productType = "com.apple.product-type.application";
		};
/* End PBXNativeTarget section */

/* Begin PBXProject section */
		7595B61824AE44E900A6B581 /* Project object */ = {
			isa = PBXProject;
			attributes = {
				LastSwiftUpdateCheck = 1150;
				LastUpgradeCheck = 1150;
				ORGANIZATIONNAME = "Chun-Hung Tseng";
				TargetAttributes = {
					7595B61F24AE44E900A6B581 = {
						CreatedOnToolsVersion = 11.5;
					};
				};
			};
			buildConfigurationList = 7595B61B24AE44E900A6B581 /* Build configuration list for PBXProject "IntermediateTraining" */;
			compatibilityVersion = "Xcode 9.3";
			developmentRegion = en;
			hasScannedForEncodings = 0;
			knownRegions = (
				en,
				Base,
			);
			mainGroup = 7595B61724AE44E900A6B581;
			productRefGroup = 7595B62124AE44E900A6B581 /* Products */;
			projectDirPath = "";
			projectRoot = "";
			targets = (
				7595B61F24AE44E900A6B581 /* IntermediateTraining */,
			);
		};
/* End PBXProject section */

/* Begin PBXResourcesBuildPhase section */
		7595B61E24AE44E900A6B581 /* Resources */ = {
			isa = PBXResourcesBuildPhase;
			buildActionMask = 2147483647;
			files = (
				75CE7E2E24B9B4A600611AD5 /* .gitignore in Resources */,
				7595B63024AE44EA00A6B581 /* LaunchScreen.storyboard in Resources */,
				7595B62D24AE44EA00A6B581 /* Assets.xcassets in Resources */,
				7595B62B24AE44E900A6B581 /* Main.storyboard in Resources */,
			);
			runOnlyForDeploymentPostprocessing = 0;
		};
/* End PBXResourcesBuildPhase section */

/* Begin PBXSourcesBuildPhase section */
		7595B61C24AE44E900A6B581 /* Sources */ = {
			isa = PBXSourcesBuildPhase;
			buildActionMask = 2147483647;
			files = (
				7595B62824AE44E900A6B581 /* companiesViewController.swift in Sources */,
				75CE7E3024B9B6F400611AD5 /* UIColor+theme.swift in Sources */,
				7595B62424AE44E900A6B581 /* AppDelegate.swift in Sources */,
				7595B62624AE44E900A6B581 /* SceneDelegate.swift in Sources */,
			);
			runOnlyForDeploymentPostprocessing = 0;
		};
/* End PBXSourcesBuildPhase section */

/* Begin PBXVariantGroup section */
		7595B62924AE44E900A6B581 /* Main.storyboard */ = {
			isa = PBXVariantGroup;
			children = (
				7595B62A24AE44E900A6B581 /* Base */,
			);
			name = Main.storyboard;
			sourceTree = "<group>";
		};
		7595B62E24AE44EA00A6B581 /* LaunchScreen.storyboard */ = {
			isa = PBXVariantGroup;
			children = (
				7595B62F24AE44EA00A6B581 /* Base */,
			);
			name = LaunchScreen.storyboard;
			sourceTree = "<group>";
		};
/* End PBXVariantGroup section */

/* Begin XCBuildConfiguration section */
		7595B63224AE44EA00A6B581 /* Debug */ = {
			isa = XCBuildConfiguration;
			buildSettings = {
				ALWAYS_SEARCH_USER_PATHS = NO;
				CLANG_ANALYZER_NONNULL = YES;
				CLANG_ANALYZER_NUMBER_OBJECT_CONVERSION = YES_AGGRESSIVE;
				CLANG_CXX_LANGUAGE_STANDARD = "gnu++14";
				CLANG_CXX_LIBRARY = "libc++";
				CLANG_ENABLE_MODULES = YES;
				CLANG_ENABLE_OBJC_ARC = YES;
				CLANG_ENABLE_OBJC_WEAK = YES;
				CLANG_WARN_BLOCK_CAPTURE_AUTORELEASING = YES;
				CLANG_WARN_BOOL_CONVERSION = YES;
				CLANG_WARN_COMMA = YES;
				CLANG_WARN_CONSTANT_CONVERSION = YES;
				CLANG_WARN_DEPRECATED_OBJC_IMPLEMENTATIONS = YES;
				CLANG_WARN_DIRECT_OBJC_ISA_USAGE = YES_ERROR;
				CLANG_WARN_DOCUMENTATION_COMMENTS = YES;
				CLANG_WARN_EMPTY_BODY = YES;
				CLANG_WARN_ENUM_CONVERSION = YES;
				CLANG_WARN_INFINITE_RECURSION = YES;
				CLANG_WARN_INT_CONVERSION = YES;
				CLANG_WARN_NON_LITERAL_NULL_CONVERSION = YES;
				CLANG_WARN_OBJC_IMPLICIT_RETAIN_SELF = YES;
				CLANG_WARN_OBJC_LITERAL_CONVERSION = YES;
				CLANG_WARN_OBJC_ROOT_CLASS = YES_ERROR;
				CLANG_WARN_RANGE_LOOP_ANALYSIS = YES;
				CLANG_WARN_STRICT_PROTOTYPES = YES;
				CLANG_WARN_SUSPICIOUS_MOVE = YES;
				CLANG_WARN_UNGUARDED_AVAILABILITY = YES_AGGRESSIVE;
				CLANG_WARN_UNREACHABLE_CODE = YES;
				CLANG_WARN__DUPLICATE_METHOD_MATCH = YES;
				COPY_PHASE_STRIP = NO;
				DEBUG_INFORMATION_FORMAT = dwarf;
				ENABLE_STRICT_OBJC_MSGSEND = YES;
				ENABLE_TESTABILITY = YES;
				GCC_C_LANGUAGE_STANDARD = gnu11;
				GCC_DYNAMIC_NO_PIC = NO;
				GCC_NO_COMMON_BLOCKS = YES;
				GCC_OPTIMIZATION_LEVEL = 0;
				GCC_PREPROCESSOR_DEFINITIONS = (
					"DEBUG=1",
					"$(inherited)",
				);
				GCC_WARN_64_TO_32_BIT_CONVERSION = YES;
				GCC_WARN_ABOUT_RETURN_TYPE = YES_ERROR;
				GCC_WARN_UNDECLARED_SELECTOR = YES;
				GCC_WARN_UNINITIALIZED_AUTOS = YES_AGGRESSIVE;
				GCC_WARN_UNUSED_FUNCTION = YES;
				GCC_WARN_UNUSED_VARIABLE = YES;
				IPHONEOS_DEPLOYMENT_TARGET = 13.5;
				MTL_ENABLE_DEBUG_INFO = INCLUDE_SOURCE;
				MTL_FAST_MATH = YES;
				ONLY_ACTIVE_ARCH = YES;
				SDKROOT = iphoneos;
				SWIFT_ACTIVE_COMPILATION_CONDITIONS = DEBUG;
				SWIFT_OPTIMIZATION_LEVEL = "-Onone";
			};
			name = Debug;
		};
		7595B63324AE44EA00A6B581 /* Release */ = {
			isa = XCBuildConfiguration;
			buildSettings = {
				ALWAYS_SEARCH_USER_PATHS = NO;
				CLANG_ANALYZER_NONNULL = YES;
				CLANG_ANALYZER_NUMBER_OBJECT_CONVERSION = YES_AGGRESSIVE;
				CLANG_CXX_LANGUAGE_STANDARD = "gnu++14";
				CLANG_CXX_LIBRARY = "libc++";
				CLANG_ENABLE_MODULES = YES;
				CLANG_ENABLE_OBJC_ARC = YES;
				CLANG_ENABLE_OBJC_WEAK = YES;
				CLANG_WARN_BLOCK_CAPTURE_AUTORELEASING = YES;
				CLANG_WARN_BOOL_CONVERSION = YES;
				CLANG_WARN_COMMA = YES;
				CLANG_WARN_CONSTANT_CONVERSION = YES;
				CLANG_WARN_DEPRECATED_OBJC_IMPLEMENTATIONS = YES;
				CLANG_WARN_DIRECT_OBJC_ISA_USAGE = YES_ERROR;
				CLANG_WARN_DOCUMENTATION_COMMENTS = YES;
				CLANG_WARN_EMPTY_BODY = YES;
				CLANG_WARN_ENUM_CONVERSION = YES;
				CLANG_WARN_INFINITE_RECURSION = YES;
				CLANG_WARN_INT_CONVERSION = YES;
				CLANG_WARN_NON_LITERAL_NULL_CONVERSION = YES;
				CLANG_WARN_OBJC_IMPLICIT_RETAIN_SELF = YES;
				CLANG_WARN_OBJC_LITERAL_CONVERSION = YES;
				CLANG_WARN_OBJC_ROOT_CLASS = YES_ERROR;
				CLANG_WARN_RANGE_LOOP_ANALYSIS = YES;
				CLANG_WARN_STRICT_PROTOTYPES = YES;
				CLANG_WARN_SUSPICIOUS_MOVE = YES;
				CLANG_WARN_UNGUARDED_AVAILABILITY = YES_AGGRESSIVE;
				CLANG_WARN_UNREACHABLE_CODE = YES;
				CLANG_WARN__DUPLICATE_METHOD_MATCH = YES;
				COPY_PHASE_STRIP = NO;
				DEBUG_INFORMATION_FORMAT = "dwarf-with-dsym";
				ENABLE_NS_ASSERTIONS = NO;
				ENABLE_STRICT_OBJC_MSGSEND = YES;
				GCC_C_LANGUAGE_STANDARD = gnu11;
				GCC_NO_COMMON_BLOCKS = YES;
				GCC_WARN_64_TO_32_BIT_CONVERSION = YES;
				GCC_WARN_ABOUT_RETURN_TYPE = YES_ERROR;
				GCC_WARN_UNDECLARED_SELECTOR = YES;
				GCC_WARN_UNINITIALIZED_AUTOS = YES_AGGRESSIVE;
				GCC_WARN_UNUSED_FUNCTION = YES;
				GCC_WARN_UNUSED_VARIABLE = YES;
				IPHONEOS_DEPLOYMENT_TARGET = 13.5;
				MTL_ENABLE_DEBUG_INFO = NO;
				MTL_FAST_MATH = YES;
				SDKROOT = iphoneos;
				SWIFT_COMPILATION_MODE = wholemodule;
				SWIFT_OPTIMIZATION_LEVEL = "-O";
				VALIDATE_PRODUCT = YES;
			};
			name = Release;
		};
		7595B63524AE44EA00A6B581 /* Debug */ = {
			isa = XCBuildConfiguration;
			buildSettings = {
				ASSETCATALOG_COMPILER_APPICON_NAME = AppIcon;
				CODE_SIGN_STYLE = Automatic;
				DEVELOPMENT_TEAM = RFEMSB9B2W;
				INFOPLIST_FILE = IntermediateTraining/Info.plist;
				LD_RUNPATH_SEARCH_PATHS = (
					"$(inherited)",
					"@executable_path/Frameworks",
				);
				PRODUCT_BUNDLE_IDENTIFIER = com.henrybear327.IntermediateTraining;
				PRODUCT_NAME = "$(TARGET_NAME)";
				SWIFT_VERSION = 5.0;
				TARGETED_DEVICE_FAMILY = "1,2";
			};
			name = Debug;
		};
		7595B63624AE44EA00A6B581 /* Release */ = {
			isa = XCBuildConfiguration;
			buildSettings = {
				ASSETCATALOG_COMPILER_APPICON_NAME = AppIcon;
				CODE_SIGN_STYLE = Automatic;
				DEVELOPMENT_TEAM = RFEMSB9B2W;
				INFOPLIST_FILE = IntermediateTraining/Info.plist;
				LD_RUNPATH_SEARCH_PATHS = (
					"$(inherited)",
					"@executable_path/Frameworks",
				);
				PRODUCT_BUNDLE_IDENTIFIER = com.henrybear327.IntermediateTraining;
				PRODUCT_NAME = "$(TARGET_NAME)";
				SWIFT_VERSION = 5.0;
				TARGETED_DEVICE_FAMILY = "1,2";
			};
			name = Release;
		};
/* End XCBuildConfiguration section */

/* Begin XCConfigurationList section */
		7595B61B24AE44E900A6B581 /* Build configuration list for PBXProject "IntermediateTraining" */ = {
			isa = XCConfigurationList;
			buildConfigurations = (
				7595B63224AE44EA00A6B581 /* Debug */,
				7595B63324AE44EA00A6B581 /* Release */,
			);
			defaultConfigurationIsVisible = 0;
			defaultConfigurationName = Release;
		};
		7595B63424AE44EA00A6B581 /* Build configuration list for PBXNativeTarget "IntermediateTraining" */ = {
			isa = XCConfigurationList;
			buildConfigurations = (
				7595B63524AE44EA00A6B581 /* Debug */,
				7595B63624AE44EA00A6B581 /* Release */,
			);
			defaultConfigurationIsVisible = 0;
			defaultConfigurationName = Release;
		};
/* End XCConfigurationList section */
	};
	rootObject = 7595B61824AE44E900A6B581 /* Project object */;
}
